
Microsoft Visual Studio Solution File, Format Version 12.00
# Visual Studio Version 16
VisualStudioVersion = 16.0.30204.135
MinimumVisualStudioVersion = 10.0.40219.1
Project("{FAE04EC0-301F-11D3-BF4B-00C04F79EFBC}") = "SakilaCustomers", "SakilaCustomers.csproj", "{2F541259-AF01-4BF3-AB69-2D062747B466}"
EndProject
Global
	GlobalSection(SolutionConfigurationPlatforms) = preSolution
		Debug|Any CPU = Debug|Any CPU
		Release|Any CPU = Release|Any CPU
	EndGlobalSection
	GlobalSection(ProjectConfigurationPlatforms) = postSolution
		{2F541259-AF01-4BF3-AB69-2D062747B466}.Debug|Any CPU.ActiveCfg = Debug|Any CPU
		{2F541259-AF01-4BF3-AB69-2D062747B466}.Debug|Any CPU.Build.0 = Debug|Any CPU
		{2F541259-AF01-4BF3-AB69-2D062747B466}.Release|Any CPU.ActiveCfg = Release|Any CPU
		{2F541259-AF01-4BF3-AB69-2D062747B466}.Release|Any CPU.Build.0 = Release|Any CPU
	EndGlobalSection
	GlobalSection(SolutionProperties) = preSolution
		HideSolutionNode = FALSE
	EndGlobalSection
	GlobalSection(ExtensibilityGlobals) = postSolution
		SolutionGuid = {0237F227-9E60-48E2-82F5-B938727AC406}
	EndGlobalSection
EndGlobal
